
Microsoft Visual Studio Solution File, Format Version 12.00
# Visual Studio Version 16
VisualStudioVersion = 16.0.31624.102
MinimumVisualStudioVersion = 10.0.40219.1
Project("{8BC9CEB8-8B4A-11D0-8D11-00A0C91BC942}") = "C++_SampleProject", "C++_SampleProject\C++_SampleProject.vcxproj", "{1DF628DA-2151-487C-90E1-F252AE396F5C}"
EndProject
Project("{8BC9CEB8-8B4A-11D0-8D11-00A0C91BC942}") = "StudentMenager", "StudentMenager\StudentMenager.vcxproj", "{8F476321-C810-4A47-B4EE-7BDB756C7069}"
EndProject
Project("{8BC9CEB8-8B4A-11D0-8D11-00A0C91BC942}") = "Octree", "Unknown\Unknown.vcxproj", "{194A98DF-11F5-4579-B00D-80E09637F358}"
EndProject
Project("{8BC9CEB8-8B4A-11D0-8D11-00A0C91BC942}") = "KCoreLib", "KCoreLib\KCoreLib.vcxproj", "{EC5CA2F1-47E9-46CD-9FDA-3DBE80C80067}"
EndProject
Project("{2150E333-8FDC-42A3-9474-1A3956D46DE8}") = "CS", "CS", "{EC820C49-6927-4E58-BAB5-6A25F92ED9C3}"
EndProject
Project("{2150E333-8FDC-42A3-9474-1A3956D46DE8}") = "Window,DX", "Window,DX", "{64F58531-0CC9-499E-A3BA-6DAD495D4E03}"
EndProject
Project("{2150E333-8FDC-42A3-9474-1A3956D46DE8}") = "Lib", "Lib", "{DFB11F36-77B2-47FF-AE96-82440E27311A}"
EndProject
Project("{8BC9CEB8-8B4A-11D0-8D11-00A0C91BC942}") = "SampleProejct", "SampleProejct\SampleProejct.vcxproj", "{B17ECD26-09B4-48FA-8A5A-85D8FDCEC4A2}"
EndProject
Project("{8BC9CEB8-8B4A-11D0-8D11-00A0C91BC942}") = "CreateDevice", "CreateDevice\CreateDevice.vcxproj", "{5ACE3D93-A45C-4A83-B070-DE52785AC34D}"
EndProject
Project("{2150E333-8FDC-42A3-9474-1A3956D46DE8}") = "portfolio", "portfolio", "{0732ACAF-60F7-4934-8229-BE6AEF522B39}"
EndProject
Project("{2150E333-8FDC-42A3-9474-1A3956D46DE8}") = "Octree", "Octree", "{91508785-1F81-455E-BCF1-278B37813DBD}"
EndProject
Project("{8BC9CEB8-8B4A-11D0-8D11-00A0C91BC942}") = "Octree_DX", "Octree_DX\Octree_DX.vcxproj", "{544AE511-DA9F-4CAA-B823-470A373D1DB7}"
EndProject
Project("{2150E333-8FDC-42A3-9474-1A3956D46DE8}") = "Server", "Server", "{EF02A492-B265-4AFB-BC3E-A6553FA94AA7}"
EndProject
Project("{2150E333-8FDC-42A3-9474-1A3956D46DE8}") = "Thread", "Thread", "{DA772D6E-BB9E-457D-A0D7-2427D0DC8B6C}"
EndProject
Project("{2150E333-8FDC-42A3-9474-1A3956D46DE8}") = "Ehco", "Ehco", "{C7D71560-AC23-423A-A656-193C52D0E49B}"
EndProject
Project("{8BC9CEB8-8B4A-11D0-8D11-00A0C91BC942}") = "EhcoClient", "EhcoClient\EhcoClient.vcxproj", "{1F579447-825A-4BE3-A9CC-612E93880EB8}"
EndProject
Project("{8BC9CEB8-8B4A-11D0-8D11-00A0C91BC942}") = "EhcoServer", "EhcoServer\EhcoServer.vcxproj", "{CCB88B2F-A015-494D-B4E6-4BC297B05AE3}"
EndProject
Project("{2150E333-8FDC-42A3-9474-1A3956D46DE8}") = "Chat", "Chat", "{A39519D8-0D64-4684-97EB-122059423BC2}"
EndProject
Project("{8BC9CEB8-8B4A-11D0-8D11-00A0C91BC942}") = "ChatClient", "ChatClient\ChatClient.vcxproj", "{6F72C9A9-AC74-4483-A0C4-EBA564CE1266}"
EndProject
Project("{8BC9CEB8-8B4A-11D0-8D11-00A0C91BC942}") = "ChatServer", "ChatServer\ChatServer.vcxproj", "{20494839-8D51-4A71-8378-FF3AD68FB18E}"
EndProject
Project("{2150E333-8FDC-42A3-9474-1A3956D46DE8}") = "MakePacket", "MakePacket", "{2E1FDAE1-E71F-46CC-BD18-2BFC8BB619E7}"
EndProject
Project("{8BC9CEB8-8B4A-11D0-8D11-00A0C91BC942}") = "MakePacketClient", "MakePacketClient\MakePacketClient.vcxproj", "{E5D11B94-E90B-42FB-A154-6A32CA824025}"
EndProject
Project("{8BC9CEB8-8B4A-11D0-8D11-00A0C91BC942}") = "MakePacketServer", "MakePacketServer\MakePacketServer.vcxproj", "{01D2347B-29F7-4FE2-AEB8-D61435883B79}"
EndProject
Project("{8BC9CEB8-8B4A-11D0-8D11-00A0C91BC942}") = "ThreadClient", "ThreadClient\ThreadClient.vcxproj", "{46CA74FC-67F3-4AB9-B85A-CE6AD1A0993A}"
EndProject
Project("{8BC9CEB8-8B4A-11D0-8D11-00A0C91BC942}") = "ThreadServer", "ThreadServer\ThreadServer.vcxproj", "{86FCCEBC-9923-4FCE-9D1B-54C4501DA401}"
EndProject
Project("{8BC9CEB8-8B4A-11D0-8D11-00A0C91BC942}") = "SelectCilent", "SelectCilent\SelectCilent.vcxproj", "{7EB95D5E-7E1D-41E2-AA03-E0E477455595}"
EndProject
Project("{8BC9CEB8-8B4A-11D0-8D11-00A0C91BC942}") = "SelectServer", "SelectServer\SelectServer.vcxproj", "{0DE6B103-5DEB-4248-8CAA-111FDC74236E}"
EndProject
Project("{2150E333-8FDC-42A3-9474-1A3956D46DE8}") = "Core", "Core", "{5F5FE551-1CA9-4876-88E9-971A7FC53908}"
EndProject
Project("{8BC9CEB8-8B4A-11D0-8D11-00A0C91BC942}") = "NetServerLib", "NetServerLib\NetServerLib.vcxproj", "{137EF609-577B-4FF5-B680-6A6AD8450AFC}"
EndProject
Project("{8BC9CEB8-8B4A-11D0-8D11-00A0C91BC942}") = "KWindowLib", "KWindowLib\KWindowLib.vcxproj", "{BAFA713B-C452-4D68-8B1F-F0D8DB9F0A69}"
EndProject
Project("{8BC9CEB8-8B4A-11D0-8D11-00A0C91BC942}") = "AsyncIO", "AsyncIO\AsyncIO.vcxproj", "{283369E0-423B-4275-AA36-3FE8D9DC115D}"
EndProject
Project("{8BC9CEB8-8B4A-11D0-8D11-00A0C91BC942}") = "AsyncIOBlock", "AsyncIOBlock\AsyncIOBlock.vcxproj", "{A8137CD6-3B73-440F-B50C-8F4B7B630F3E}"
EndProject
Project("{8BC9CEB8-8B4A-11D0-8D11-00A0C91BC942}") = "IOCP", "IOCp\IOCp.vcxproj", "{D54FC807-5012-481B-B5C5-CEF5C06FD448}"
EndProject
Project("{8BC9CEB8-8B4A-11D0-8D11-00A0C91BC942}") = "IOCPServer", "IOCPServer\IOCPServer.vcxproj", "{3AB157E2-8913-4F2F-B292-494DE0EC7EFA}"
EndProject
Project("{8BC9CEB8-8B4A-11D0-8D11-00A0C91BC942}") = "ChatServer", "SampleServer\SampleServer.vcxproj", "{A4758ADB-8620-43AD-9C92-82CCC92C65D2}"
EndProject
Project("{8BC9CEB8-8B4A-11D0-8D11-00A0C91BC942}") = "SampleSvr", "SampleSvr\SampleSvr.vcxproj", "{72515A2F-A084-4E0D-A52A-4378C2D1B542}"
EndProject
Project("{8BC9CEB8-8B4A-11D0-8D11-00A0C91BC942}") = "SampleClt", "SampleClt\SampleClt.vcxproj", "{5401FA69-9AAE-4553-AB86-F1C59672BABF}"
EndProject
Project("{2150E333-8FDC-42A3-9474-1A3956D46DE8}") = "_etc", "_etc", "{9F451643-BFD4-4BFD-AEB5-064BDF13C1BB}"
EndProject
Project("{2150E333-8FDC-42A3-9474-1A3956D46DE8}") = "_Source", "_Source", "{E5B0C35F-BEF5-4208-BECA-D7955164C14A}"
EndProject
Project("{2150E333-8FDC-42A3-9474-1A3956D46DE8}") = "Lib", "Lib", "{8ED32CCF-F2FC-4706-A087-119354112D82}"
EndProject
Project("{8BC9CEB8-8B4A-11D0-8D11-00A0C91BC942}") = "NetServerIOCP", "NetServerIOCP\NetServerIOCP.vcxproj", "{BFC06A24-EE64-454A-84D8-7B325552E33D}"
EndProject
Project("{8BC9CEB8-8B4A-11D0-8D11-00A0C91BC942}") = "ChattingServer", "ChattingServer\ChattingServer.vcxproj", "{18F2AD15-C3F2-4449-BA0A-8EFC339A2474}"
EndProject
Project("{2150E333-8FDC-42A3-9474-1A3956D46DE8}") = "DataBase", "DataBase", "{03B4A41A-9F2A-4472-B841-7B0300A8D181}"
EndProject
Project("{8BC9CEB8-8B4A-11D0-8D11-00A0C91BC942}") = "odbc", "odbc\odbc.vcxproj", "{238DF952-FFF0-4098-BCB6-E1DFACE55EEB}"
EndProject
Global
	GlobalSection(SolutionConfigurationPlatforms) = preSolution
		Debug|x64 = Debug|x64
		Debug|x86 = Debug|x86
		Release|x64 = Release|x64
		Release|x86 = Release|x86
	EndGlobalSection
	GlobalSection(ProjectConfigurationPlatforms) = postSolution
		{1DF628DA-2151-487C-90E1-F252AE396F5C}.Debug|x64.ActiveCfg = Debug|x64
		{1DF628DA-2151-487C-90E1-F252AE396F5C}.Debug|x64.Build.0 = Debug|x64
		{1DF628DA-2151-487C-90E1-F252AE396F5C}.Debug|x86.ActiveCfg = Debug|Win32
		{1DF628DA-2151-487C-90E1-F252AE396F5C}.Debug|x86.Build.0 = Debug|Win32
		{1DF628DA-2151-487C-90E1-F252AE396F5C}.Release|x64.ActiveCfg = Release|x64
		{1DF628DA-2151-487C-90E1-F252AE396F5C}.Release|x64.Build.0 = Release|x64
		{1DF628DA-2151-487C-90E1-F252AE396F5C}.Release|x86.ActiveCfg = Release|Win32
		{1DF628DA-2151-487C-90E1-F252AE396F5C}.Release|x86.Build.0 = Release|Win32
		{8F476321-C810-4A47-B4EE-7BDB756C7069}.Debug|x64.ActiveCfg = Debug|x64
		{8F476321-C810-4A47-B4EE-7BDB756C7069}.Debug|x64.Build.0 = Debug|x64
		{8F476321-C810-4A47-B4EE-7BDB756C7069}.Debug|x86.ActiveCfg = Debug|Win32
		{8F476321-C810-4A47-B4EE-7BDB756C7069}.Debug|x86.Build.0 = Debug|Win32
		{8F476321-C810-4A47-B4EE-7BDB756C7069}.Release|x64.ActiveCfg = Release|x64
		{8F476321-C810-4A47-B4EE-7BDB756C7069}.Release|x64.Build.0 = Release|x64
		{8F476321-C810-4A47-B4EE-7BDB756C7069}.Release|x86.ActiveCfg = Release|Win32
		{8F476321-C810-4A47-B4EE-7BDB756C7069}.Release|x86.Build.0 = Release|Win32
		{194A98DF-11F5-4579-B00D-80E09637F358}.Debug|x64.ActiveCfg = Debug|x64
		{194A98DF-11F5-4579-B00D-80E09637F358}.Debug|x64.Build.0 = Debug|x64
		{194A98DF-11F5-4579-B00D-80E09637F358}.Debug|x86.ActiveCfg = Debug|Win32
		{194A98DF-11F5-4579-B00D-80E09637F358}.Debug|x86.Build.0 = Debug|Win32
		{194A98DF-11F5-4579-B00D-80E09637F358}.Release|x64.ActiveCfg = Release|x64
		{194A98DF-11F5-4579-B00D-80E09637F358}.Release|x64.Build.0 = Release|x64
		{194A98DF-11F5-4579-B00D-80E09637F358}.Release|x86.ActiveCfg = Release|Win32
		{194A98DF-11F5-4579-B00D-80E09637F358}.Release|x86.Build.0 = Release|Win32
		{EC5CA2F1-47E9-46CD-9FDA-3DBE80C80067}.Debug|x64.ActiveCfg = Debug|x64
		{EC5CA2F1-47E9-46CD-9FDA-3DBE80C80067}.Debug|x64.Build.0 = Debug|x64
		{EC5CA2F1-47E9-46CD-9FDA-3DBE80C80067}.Debug|x86.ActiveCfg = Debug|Win32
		{EC5CA2F1-47E9-46CD-9FDA-3DBE80C80067}.Debug|x86.Build.0 = Debug|Win32
		{EC5CA2F1-47E9-46CD-9FDA-3DBE80C80067}.Release|x64.ActiveCfg = Release|x64
		{EC5CA2F1-47E9-46CD-9FDA-3DBE80C80067}.Release|x64.Build.0 = Release|x64
		{EC5CA2F1-47E9-46CD-9FDA-3DBE80C80067}.Release|x86.ActiveCfg = Release|Win32
		{EC5CA2F1-47E9-46CD-9FDA-3DBE80C80067}.Release|x86.Build.0 = Release|Win32
		{B17ECD26-09B4-48FA-8A5A-85D8FDCEC4A2}.Debug|x64.ActiveCfg = Debug|x64
		{B17ECD26-09B4-48FA-8A5A-85D8FDCEC4A2}.Debug|x64.Build.0 = Debug|x64
		{B17ECD26-09B4-48FA-8A5A-85D8FDCEC4A2}.Debug|x86.ActiveCfg = Debug|Win32
		{B17ECD26-09B4-48FA-8A5A-85D8FDCEC4A2}.Debug|x86.Build.0 = Debug|Win32
		{B17ECD26-09B4-48FA-8A5A-85D8FDCEC4A2}.Release|x64.ActiveCfg = Release|x64
		{B17ECD26-09B4-48FA-8A5A-85D8FDCEC4A2}.Release|x64.Build.0 = Release|x64
		{B17ECD26-09B4-48FA-8A5A-85D8FDCEC4A2}.Release|x86.ActiveCfg = Release|Win32
		{B17ECD26-09B4-48FA-8A5A-85D8FDCEC4A2}.Release|x86.Build.0 = Release|Win32
		{5ACE3D93-A45C-4A83-B070-DE52785AC34D}.Debug|x64.ActiveCfg = Debug|x64
		{5ACE3D93-A45C-4A83-B070-DE52785AC34D}.Debug|x64.Build.0 = Debug|x64
		{5ACE3D93-A45C-4A83-B070-DE52785AC34D}.Debug|x86.ActiveCfg = Debug|Win32
		{5ACE3D93-A45C-4A83-B070-DE52785AC34D}.Debug|x86.Build.0 = Debug|Win32
		{5ACE3D93-A45C-4A83-B070-DE52785AC34D}.Release|x64.ActiveCfg = Release|x64
		{5ACE3D93-A45C-4A83-B070-DE52785AC34D}.Release|x64.Build.0 = Release|x64
		{5ACE3D93-A45C-4A83-B070-DE52785AC34D}.Release|x86.ActiveCfg = Release|Win32
		{5ACE3D93-A45C-4A83-B070-DE52785AC34D}.Release|x86.Build.0 = Release|Win32
		{544AE511-DA9F-4CAA-B823-470A373D1DB7}.Debug|x64.ActiveCfg = Debug|x64
		{544AE511-DA9F-4CAA-B823-470A373D1DB7}.Debug|x64.Build.0 = Debug|x64
		{544AE511-DA9F-4CAA-B823-470A373D1DB7}.Debug|x86.ActiveCfg = Debug|Win32
		{544AE511-DA9F-4CAA-B823-470A373D1DB7}.Debug|x86.Build.0 = Debug|Win32
		{544AE511-DA9F-4CAA-B823-470A373D1DB7}.Release|x64.ActiveCfg = Release|x64
		{544AE511-DA9F-4CAA-B823-470A373D1DB7}.Release|x64.Build.0 = Release|x64
		{544AE511-DA9F-4CAA-B823-470A373D1DB7}.Release|x86.ActiveCfg = Release|Win32
		{544AE511-DA9F-4CAA-B823-470A373D1DB7}.Release|x86.Build.0 = Release|Win32
		{1F579447-825A-4BE3-A9CC-612E93880EB8}.Debug|x64.ActiveCfg = Debug|x64
		{1F579447-825A-4BE3-A9CC-612E93880EB8}.Debug|x64.Build.0 = Debug|x64
		{1F579447-825A-4BE3-A9CC-612E93880EB8}.Debug|x86.ActiveCfg = Debug|Win32
		{1F579447-825A-4BE3-A9CC-612E93880EB8}.Debug|x86.Build.0 = Debug|Win32
		{1F579447-825A-4BE3-A9CC-612E93880EB8}.Release|x64.ActiveCfg = Release|x64
		{1F579447-825A-4BE3-A9CC-612E93880EB8}.Release|x64.Build.0 = Release|x64
		{1F579447-825A-4BE3-A9CC-612E93880EB8}.Release|x86.ActiveCfg = Release|Win32
		{1F579447-825A-4BE3-A9CC-612E93880EB8}.Release|x86.Build.0 = Release|Win32
		{CCB88B2F-A015-494D-B4E6-4BC297B05AE3}.Debug|x64.ActiveCfg = Debug|x64
		{CCB88B2F-A015-494D-B4E6-4BC297B05AE3}.Debug|x64.Build.0 = Debug|x64
		{CCB88B2F-A015-494D-B4E6-4BC297B05AE3}.Debug|x86.ActiveCfg = Debug|Win32
		{CCB88B2F-A015-494D-B4E6-4BC297B05AE3}.Debug|x86.Build.0 = Debug|Win32
		{CCB88B2F-A015-494D-B4E6-4BC297B05AE3}.Release|x64.ActiveCfg = Release|x64
		{CCB88B2F-A015-494D-B4E6-4BC297B05AE3}.Release|x64.Build.0 = Release|x64
		{CCB88B2F-A015-494D-B4E6-4BC297B05AE3}.Release|x86.ActiveCfg = Release|Win32
		{CCB88B2F-A015-494D-B4E6-4BC297B05AE3}.Release|x86.Build.0 = Release|Win32
		{6F72C9A9-AC74-4483-A0C4-EBA564CE1266}.Debug|x64.ActiveCfg = Debug|x64
		{6F72C9A9-AC74-4483-A0C4-EBA564CE1266}.Debug|x64.Build.0 = Debug|x64
		{6F72C9A9-AC74-4483-A0C4-EBA564CE1266}.Debug|x86.ActiveCfg = Debug|Win32
		{6F72C9A9-AC74-4483-A0C4-EBA564CE1266}.Debug|x86.Build.0 = Debug|Win32
		{6F72C9A9-AC74-4483-A0C4-EBA564CE1266}.Release|x64.ActiveCfg = Release|x64
		{6F72C9A9-AC74-4483-A0C4-EBA564CE1266}.Release|x64.Build.0 = Release|x64
		{6F72C9A9-AC74-4483-A0C4-EBA564CE1266}.Release|x86.ActiveCfg = Release|Win32
		{6F72C9A9-AC74-4483-A0C4-EBA564CE1266}.Release|x86.Build.0 = Release|Win32
		{20494839-8D51-4A71-8378-FF3AD68FB18E}.Debug|x64.ActiveCfg = Debug|x64
		{20494839-8D51-4A71-8378-FF3AD68FB18E}.Debug|x64.Build.0 = Debug|x64
		{20494839-8D51-4A71-8378-FF3AD68FB18E}.Debug|x86.ActiveCfg = Debug|Win32
		{20494839-8D51-4A71-8378-FF3AD68FB18E}.Debug|x86.Build.0 = Debug|Win32
		{20494839-8D51-4A71-8378-FF3AD68FB18E}.Release|x64.ActiveCfg = Release|x64
		{20494839-8D51-4A71-8378-FF3AD68FB18E}.Release|x64.Build.0 = Release|x64
		{20494839-8D51-4A71-8378-FF3AD68FB18E}.Release|x86.ActiveCfg = Release|Win32
		{20494839-8D51-4A71-8378-FF3AD68FB18E}.Release|x86.Build.0 = Release|Win32
		{E5D11B94-E90B-42FB-A154-6A32CA824025}.Debug|x64.ActiveCfg = Debug|x64
		{E5D11B94-E90B-42FB-A154-6A32CA824025}.Debug|x64.Build.0 = Debug|x64
		{E5D11B94-E90B-42FB-A154-6A32CA824025}.Debug|x86.ActiveCfg = Debug|Win32
		{E5D11B94-E90B-42FB-A154-6A32CA824025}.Debug|x86.Build.0 = Debug|Win32
		{E5D11B94-E90B-42FB-A154-6A32CA824025}.Release|x64.ActiveCfg = Release|x64
		{E5D11B94-E90B-42FB-A154-6A32CA824025}.Release|x64.Build.0 = Release|x64
		{E5D11B94-E90B-42FB-A154-6A32CA824025}.Release|x86.ActiveCfg = Release|Win32
		{E5D11B94-E90B-42FB-A154-6A32CA824025}.Release|x86.Build.0 = Release|Win32
		{01D2347B-29F7-4FE2-AEB8-D61435883B79}.Debug|x64.ActiveCfg = Debug|x64
		{01D2347B-29F7-4FE2-AEB8-D61435883B79}.Debug|x64.Build.0 = Debug|x64
		{01D2347B-29F7-4FE2-AEB8-D61435883B79}.Debug|x86.ActiveCfg = Debug|Win32
		{01D2347B-29F7-4FE2-AEB8-D61435883B79}.Debug|x86.Build.0 = Debug|Win32
		{01D2347B-29F7-4FE2-AEB8-D61435883B79}.Release|x64.ActiveCfg = Release|x64
		{01D2347B-29F7-4FE2-AEB8-D61435883B79}.Release|x64.Build.0 = Release|x64
		{01D2347B-29F7-4FE2-AEB8-D61435883B79}.Release|x86.ActiveCfg = Release|Win32
		{01D2347B-29F7-4FE2-AEB8-D61435883B79}.Release|x86.Build.0 = Release|Win32
		{46CA74FC-67F3-4AB9-B85A-CE6AD1A0993A}.Debug|x64.ActiveCfg = Debug|x64
		{46CA74FC-67F3-4AB9-B85A-CE6AD1A0993A}.Debug|x64.Build.0 = Debug|x64
		{46CA74FC-67F3-4AB9-B85A-CE6AD1A0993A}.Debug|x86.ActiveCfg = Debug|Win32
		{46CA74FC-67F3-4AB9-B85A-CE6AD1A0993A}.Debug|x86.Build.0 = Debug|Win32
		{46CA74FC-67F3-4AB9-B85A-CE6AD1A0993A}.Release|x64.ActiveCfg = Release|x64
		{46CA74FC-67F3-4AB9-B85A-CE6AD1A0993A}.Release|x64.Build.0 = Release|x64
		{46CA74FC-67F3-4AB9-B85A-CE6AD1A0993A}.Release|x86.ActiveCfg = Release|Win32
		{46CA74FC-67F3-4AB9-B85A-CE6AD1A0993A}.Release|x86.Build.0 = Release|Win32
		{86FCCEBC-9923-4FCE-9D1B-54C4501DA401}.Debug|x64.ActiveCfg = Debug|x64
		{86FCCEBC-9923-4FCE-9D1B-54C4501DA401}.Debug|x64.Build.0 = Debug|x64
		{86FCCEBC-9923-4FCE-9D1B-54C4501DA401}.Debug|x86.ActiveCfg = Debug|Win32
		{86FCCEBC-9923-4FCE-9D1B-54C4501DA401}.Debug|x86.Build.0 = Debug|Win32
		{86FCCEBC-9923-4FCE-9D1B-54C4501DA401}.Release|x64.ActiveCfg = Release|x64
		{86FCCEBC-9923-4FCE-9D1B-54C4501DA401}.Release|x64.Build.0 = Release|x64
		{86FCCEBC-9923-4FCE-9D1B-54C4501DA401}.Release|x86.ActiveCfg = Release|Win32
		{86FCCEBC-9923-4FCE-9D1B-54C4501DA401}.Release|x86.Build.0 = Release|Win32
		{7EB95D5E-7E1D-41E2-AA03-E0E477455595}.Debug|x64.ActiveCfg = Debug|x64
		{7EB95D5E-7E1D-41E2-AA03-E0E477455595}.Debug|x64.Build.0 = Debug|x64
		{7EB95D5E-7E1D-41E2-AA03-E0E477455595}.Debug|x86.ActiveCfg = Debug|Win32
		{7EB95D5E-7E1D-41E2-AA03-E0E477455595}.Debug|x86.Build.0 = Debug|Win32
		{7EB95D5E-7E1D-41E2-AA03-E0E477455595}.Release|x64.ActiveCfg = Release|x64
		{7EB95D5E-7E1D-41E2-AA03-E0E477455595}.Release|x64.Build.0 = Release|x64
		{7EB95D5E-7E1D-41E2-AA03-E0E477455595}.Release|x86.ActiveCfg = Release|Win32
		{7EB95D5E-7E1D-41E2-AA03-E0E477455595}.Release|x86.Build.0 = Release|Win32
		{0DE6B103-5DEB-4248-8CAA-111FDC74236E}.Debug|x64.ActiveCfg = Debug|x64
		{0DE6B103-5DEB-4248-8CAA-111FDC74236E}.Debug|x64.Build.0 = Debug|x64
		{0DE6B103-5DEB-4248-8CAA-111FDC74236E}.Debug|x86.ActiveCfg = Debug|Win32
		{0DE6B103-5DEB-4248-8CAA-111FDC74236E}.Debug|x86.Build.0 = Debug|Win32
		{0DE6B103-5DEB-4248-8CAA-111FDC74236E}.Release|x64.ActiveCfg = Release|x64
		{0DE6B103-5DEB-4248-8CAA-111FDC74236E}.Release|x64.Build.0 = Release|x64
		{0DE6B103-5DEB-4248-8CAA-111FDC74236E}.Release|x86.ActiveCfg = Release|Win32
		{0DE6B103-5DEB-4248-8CAA-111FDC74236E}.Release|x86.Build.0 = Release|Win32
		{137EF609-577B-4FF5-B680-6A6AD8450AFC}.Debug|x64.ActiveCfg = Debug|x64
		{137EF609-577B-4FF5-B680-6A6AD8450AFC}.Debug|x64.Build.0 = Debug|x64
		{137EF609-577B-4FF5-B680-6A6AD8450AFC}.Debug|x86.ActiveCfg = Debug|Win32
		{137EF609-577B-4FF5-B680-6A6AD8450AFC}.Debug|x86.Build.0 = Debug|Win32
		{137EF609-577B-4FF5-B680-6A6AD8450AFC}.Release|x64.ActiveCfg = Release|x64
		{137EF609-577B-4FF5-B680-6A6AD8450AFC}.Release|x64.Build.0 = Release|x64
		{137EF609-577B-4FF5-B680-6A6AD8450AFC}.Release|x86.ActiveCfg = Release|Win32
		{137EF609-577B-4FF5-B680-6A6AD8450AFC}.Release|x86.Build.0 = Release|Win32
		{BAFA713B-C452-4D68-8B1F-F0D8DB9F0A69}.Debug|x64.ActiveCfg = Debug|x64
		{BAFA713B-C452-4D68-8B1F-F0D8DB9F0A69}.Debug|x64.Build.0 = Debug|x64
		{BAFA713B-C452-4D68-8B1F-F0D8DB9F0A69}.Debug|x86.ActiveCfg = Debug|Win32
		{BAFA713B-C452-4D68-8B1F-F0D8DB9F0A69}.Debug|x86.Build.0 = Debug|Win32
		{BAFA713B-C452-4D68-8B1F-F0D8DB9F0A69}.Release|x64.ActiveCfg = Release|x64
		{BAFA713B-C452-4D68-8B1F-F0D8DB9F0A69}.Release|x64.Build.0 = Release|x64
		{BAFA713B-C452-4D68-8B1F-F0D8DB9F0A69}.Release|x86.ActiveCfg = Release|Win32
		{BAFA713B-C452-4D68-8B1F-F0D8DB9F0A69}.Release|x86.Build.0 = Release|Win32
		{283369E0-423B-4275-AA36-3FE8D9DC115D}.Debug|x64.ActiveCfg = Debug|x64
		{283369E0-423B-4275-AA36-3FE8D9DC115D}.Debug|x64.Build.0 = Debug|x64
		{283369E0-423B-4275-AA36-3FE8D9DC115D}.Debug|x86.ActiveCfg = Debug|Win32
		{283369E0-423B-4275-AA36-3FE8D9DC115D}.Debug|x86.Build.0 = Debug|Win32
		{283369E0-423B-4275-AA36-3FE8D9DC115D}.Release|x64.ActiveCfg = Release|x64
		{283369E0-423B-4275-AA36-3FE8D9DC115D}.Release|x64.Build.0 = Release|x64
		{283369E0-423B-4275-AA36-3FE8D9DC115D}.Release|x86.ActiveCfg = Release|Win32
		{283369E0-423B-4275-AA36-3FE8D9DC115D}.Release|x86.Build.0 = Release|Win32
		{A8137CD6-3B73-440F-B50C-8F4B7B630F3E}.Debug|x64.ActiveCfg = Debug|x64
		{A8137CD6-3B73-440F-B50C-8F4B7B630F3E}.Debug|x64.Build.0 = Debug|x64
		{A8137CD6-3B73-440F-B50C-8F4B7B630F3E}.Debug|x86.ActiveCfg = Debug|Win32
		{A8137CD6-3B73-440F-B50C-8F4B7B630F3E}.Debug|x86.Build.0 = Debug|Win32
		{A8137CD6-3B73-440F-B50C-8F4B7B630F3E}.Release|x64.ActiveCfg = Release|x64
		{A8137CD6-3B73-440F-B50C-8F4B7B630F3E}.Release|x64.Build.0 = Release|x64
		{A8137CD6-3B73-440F-B50C-8F4B7B630F3E}.Release|x86.ActiveCfg = Release|Win32
		{A8137CD6-3B73-440F-B50C-8F4B7B630F3E}.Release|x86.Build.0 = Release|Win32
		{D54FC807-5012-481B-B5C5-CEF5C06FD448}.Debug|x64.ActiveCfg = Debug|x64
		{D54FC807-5012-481B-B5C5-CEF5C06FD448}.Debug|x64.Build.0 = Debug|x64
		{D54FC807-5012-481B-B5C5-CEF5C06FD448}.Debug|x86.ActiveCfg = Debug|Win32
		{D54FC807-5012-481B-B5C5-CEF5C06FD448}.Debug|x86.Build.0 = Debug|Win32
		{D54FC807-5012-481B-B5C5-CEF5C06FD448}.Release|x64.ActiveCfg = Release|x64
		{D54FC807-5012-481B-B5C5-CEF5C06FD448}.Release|x64.Build.0 = Release|x64
		{D54FC807-5012-481B-B5C5-CEF5C06FD448}.Release|x86.ActiveCfg = Release|Win32
		{D54FC807-5012-481B-B5C5-CEF5C06FD448}.Release|x86.Build.0 = Release|Win32
		{3AB157E2-8913-4F2F-B292-494DE0EC7EFA}.Debug|x64.ActiveCfg = Debug|x64
		{3AB157E2-8913-4F2F-B292-494DE0EC7EFA}.Debug|x64.Build.0 = Debug|x64
		{3AB157E2-8913-4F2F-B292-494DE0EC7EFA}.Debug|x86.ActiveCfg = Debug|Win32
		{3AB157E2-8913-4F2F-B292-494DE0EC7EFA}.Debug|x86.Build.0 = Debug|Win32
		{3AB157E2-8913-4F2F-B292-494DE0EC7EFA}.Release|x64.ActiveCfg = Release|x64
		{3AB157E2-8913-4F2F-B292-494DE0EC7EFA}.Release|x64.Build.0 = Release|x64
		{3AB157E2-8913-4F2F-B292-494DE0EC7EFA}.Release|x86.ActiveCfg = Release|Win32
		{3AB157E2-8913-4F2F-B292-494DE0EC7EFA}.Release|x86.Build.0 = Release|Win32
		{A4758ADB-8620-43AD-9C92-82CCC92C65D2}.Debug|x64.ActiveCfg = Debug|x64
		{A4758ADB-8620-43AD-9C92-82CCC92C65D2}.Debug|x64.Build.0 = Debug|x64
		{A4758ADB-8620-43AD-9C92-82CCC92C65D2}.Debug|x86.ActiveCfg = Debug|Win32
		{A4758ADB-8620-43AD-9C92-82CCC92C65D2}.Debug|x86.Build.0 = Debug|Win32
		{A4758ADB-8620-43AD-9C92-82CCC92C65D2}.Release|x64.ActiveCfg = Release|x64
		{A4758ADB-8620-43AD-9C92-82CCC92C65D2}.Release|x64.Build.0 = Release|x64
		{A4758ADB-8620-43AD-9C92-82CCC92C65D2}.Release|x86.ActiveCfg = Release|Win32
		{A4758ADB-8620-43AD-9C92-82CCC92C65D2}.Release|x86.Build.0 = Release|Win32
		{72515A2F-A084-4E0D-A52A-4378C2D1B542}.Debug|x64.ActiveCfg = Debug|x64
		{72515A2F-A084-4E0D-A52A-4378C2D1B542}.Debug|x64.Build.0 = Debug|x64
		{72515A2F-A084-4E0D-A52A-4378C2D1B542}.Debug|x86.ActiveCfg = Debug|Win32
		{72515A2F-A084-4E0D-A52A-4378C2D1B542}.Debug|x86.Build.0 = Debug|Win32
		{72515A2F-A084-4E0D-A52A-4378C2D1B542}.Release|x64.ActiveCfg = Release|x64
		{72515A2F-A084-4E0D-A52A-4378C2D1B542}.Release|x64.Build.0 = Release|x64
		{72515A2F-A084-4E0D-A52A-4378C2D1B542}.Release|x86.ActiveCfg = Release|Win32
		{72515A2F-A084-4E0D-A52A-4378C2D1B542}.Release|x86.Build.0 = Release|Win32
		{5401FA69-9AAE-4553-AB86-F1C59672BABF}.Debug|x64.ActiveCfg = Debug|x64
		{5401FA69-9AAE-4553-AB86-F1C59672BABF}.Debug|x64.Build.0 = Debug|x64
		{5401FA69-9AAE-4553-AB86-F1C59672BABF}.Debug|x86.ActiveCfg = Debug|Win32
		{5401FA69-9AAE-4553-AB86-F1C59672BABF}.Debug|x86.Build.0 = Debug|Win32
		{5401FA69-9AAE-4553-AB86-F1C59672BABF}.Release|x64.ActiveCfg = Release|x64
		{5401FA69-9AAE-4553-AB86-F1C59672BABF}.Release|x64.Build.0 = Release|x64
		{5401FA69-9AAE-4553-AB86-F1C59672BABF}.Release|x86.ActiveCfg = Release|Win32
		{5401FA69-9AAE-4553-AB86-F1C59672BABF}.Release|x86.Build.0 = Release|Win32
		{BFC06A24-EE64-454A-84D8-7B325552E33D}.Debug|x64.ActiveCfg = Debug|x64
		{BFC06A24-EE64-454A-84D8-7B325552E33D}.Debug|x64.Build.0 = Debug|x64
		{BFC06A24-EE64-454A-84D8-7B325552E33D}.Debug|x86.ActiveCfg = Debug|Win32
		{BFC06A24-EE64-454A-84D8-7B325552E33D}.Debug|x86.Build.0 = Debug|Win32
		{BFC06A24-EE64-454A-84D8-7B325552E33D}.Release|x64.ActiveCfg = Release|x64
		{BFC06A24-EE64-454A-84D8-7B325552E33D}.Release|x64.Build.0 = Release|x64
		{BFC06A24-EE64-454A-84D8-7B325552E33D}.Release|x86.ActiveCfg = Release|Win32
		{BFC06A24-EE64-454A-84D8-7B325552E33D}.Release|x86.Build.0 = Release|Win32
		{18F2AD15-C3F2-4449-BA0A-8EFC339A2474}.Debug|x64.ActiveCfg = Debug|x64
		{18F2AD15-C3F2-4449-BA0A-8EFC339A2474}.Debug|x64.Build.0 = Debug|x64
		{18F2AD15-C3F2-4449-BA0A-8EFC339A2474}.Debug|x86.ActiveCfg = Debug|Win32
		{18F2AD15-C3F2-4449-BA0A-8EFC339A2474}.Debug|x86.Build.0 = Debug|Win32
		{18F2AD15-C3F2-4449-BA0A-8EFC339A2474}.Release|x64.ActiveCfg = Release|x64
		{18F2AD15-C3F2-4449-BA0A-8EFC339A2474}.Release|x64.Build.0 = Release|x64
		{18F2AD15-C3F2-4449-BA0A-8EFC339A2474}.Release|x86.ActiveCfg = Release|Win32
		{18F2AD15-C3F2-4449-BA0A-8EFC339A2474}.Release|x86.Build.0 = Release|Win32
		{238DF952-FFF0-4098-BCB6-E1DFACE55EEB}.Debug|x64.ActiveCfg = Debug|x64
		{238DF952-FFF0-4098-BCB6-E1DFACE55EEB}.Debug|x64.Build.0 = Debug|x64
		{238DF952-FFF0-4098-BCB6-E1DFACE55EEB}.Debug|x86.ActiveCfg = Debug|Win32
		{238DF952-FFF0-4098-BCB6-E1DFACE55EEB}.Debug|x86.Build.0 = Debug|Win32
		{238DF952-FFF0-4098-BCB6-E1DFACE55EEB}.Release|x64.ActiveCfg = Release|x64
		{238DF952-FFF0-4098-BCB6-E1DFACE55EEB}.Release|x64.Build.0 = Release|x64
		{238DF952-FFF0-4098-BCB6-E1DFACE55EEB}.Release|x86.ActiveCfg = Release|Win32
		{238DF952-FFF0-4098-BCB6-E1DFACE55EEB}.Release|x86.Build.0 = Release|Win32
	EndGlobalSection
	GlobalSection(SolutionProperties) = preSolution
		HideSolutionNode = FALSE
	EndGlobalSection
	GlobalSection(NestedProjects) = preSolution
		{1DF628DA-2151-487C-90E1-F252AE396F5C} = {EC820C49-6927-4E58-BAB5-6A25F92ED9C3}
		{8F476321-C810-4A47-B4EE-7BDB756C7069} = {0732ACAF-60F7-4934-8229-BE6AEF522B39}
		{194A98DF-11F5-4579-B00D-80E09637F358} = {91508785-1F81-455E-BCF1-278B37813DBD}
		{EC5CA2F1-47E9-46CD-9FDA-3DBE80C80067} = {DFB11F36-77B2-47FF-AE96-82440E27311A}
		{DFB11F36-77B2-47FF-AE96-82440E27311A} = {64F58531-0CC9-499E-A3BA-6DAD495D4E03}
		{B17ECD26-09B4-48FA-8A5A-85D8FDCEC4A2} = {64F58531-0CC9-499E-A3BA-6DAD495D4E03}
		{5ACE3D93-A45C-4A83-B070-DE52785AC34D} = {64F58531-0CC9-499E-A3BA-6DAD495D4E03}
		{91508785-1F81-455E-BCF1-278B37813DBD} = {0732ACAF-60F7-4934-8229-BE6AEF522B39}
		{544AE511-DA9F-4CAA-B823-470A373D1DB7} = {91508785-1F81-455E-BCF1-278B37813DBD}
		{DA772D6E-BB9E-457D-A0D7-2427D0DC8B6C} = {EF02A492-B265-4AFB-BC3E-A6553FA94AA7}
		{C7D71560-AC23-423A-A656-193C52D0E49B} = {EF02A492-B265-4AFB-BC3E-A6553FA94AA7}
		{1F579447-825A-4BE3-A9CC-612E93880EB8} = {C7D71560-AC23-423A-A656-193C52D0E49B}
		{CCB88B2F-A015-494D-B4E6-4BC297B05AE3} = {C7D71560-AC23-423A-A656-193C52D0E49B}
		{A39519D8-0D64-4684-97EB-122059423BC2} = {EF02A492-B265-4AFB-BC3E-A6553FA94AA7}
		{6F72C9A9-AC74-4483-A0C4-EBA564CE1266} = {A39519D8-0D64-4684-97EB-122059423BC2}
		{20494839-8D51-4A71-8378-FF3AD68FB18E} = {A39519D8-0D64-4684-97EB-122059423BC2}
		{2E1FDAE1-E71F-46CC-BD18-2BFC8BB619E7} = {EF02A492-B265-4AFB-BC3E-A6553FA94AA7}
		{E5D11B94-E90B-42FB-A154-6A32CA824025} = {2E1FDAE1-E71F-46CC-BD18-2BFC8BB619E7}
		{01D2347B-29F7-4FE2-AEB8-D61435883B79} = {2E1FDAE1-E71F-46CC-BD18-2BFC8BB619E7}
		{46CA74FC-67F3-4AB9-B85A-CE6AD1A0993A} = {DA772D6E-BB9E-457D-A0D7-2427D0DC8B6C}
		{86FCCEBC-9923-4FCE-9D1B-54C4501DA401} = {DA772D6E-BB9E-457D-A0D7-2427D0DC8B6C}
		{7EB95D5E-7E1D-41E2-AA03-E0E477455595} = {A39519D8-0D64-4684-97EB-122059423BC2}
		{0DE6B103-5DEB-4248-8CAA-111FDC74236E} = {A39519D8-0D64-4684-97EB-122059423BC2}
		{5F5FE551-1CA9-4876-88E9-971A7FC53908} = {EF02A492-B265-4AFB-BC3E-A6553FA94AA7}
		{137EF609-577B-4FF5-B680-6A6AD8450AFC} = {5F5FE551-1CA9-4876-88E9-971A7FC53908}
		{BAFA713B-C452-4D68-8B1F-F0D8DB9F0A69} = {5F5FE551-1CA9-4876-88E9-971A7FC53908}
		{283369E0-423B-4275-AA36-3FE8D9DC115D} = {EC820C49-6927-4E58-BAB5-6A25F92ED9C3}
		{A8137CD6-3B73-440F-B50C-8F4B7B630F3E} = {EC820C49-6927-4E58-BAB5-6A25F92ED9C3}
		{D54FC807-5012-481B-B5C5-CEF5C06FD448} = {EC820C49-6927-4E58-BAB5-6A25F92ED9C3}
		{3AB157E2-8913-4F2F-B292-494DE0EC7EFA} = {A39519D8-0D64-4684-97EB-122059423BC2}
		{A4758ADB-8620-43AD-9C92-82CCC92C65D2} = {9F451643-BFD4-4BFD-AEB5-064BDF13C1BB}
		{72515A2F-A084-4E0D-A52A-4378C2D1B542} = {9F451643-BFD4-4BFD-AEB5-064BDF13C1BB}
		{5401FA69-9AAE-4553-AB86-F1C59672BABF} = {9F451643-BFD4-4BFD-AEB5-064BDF13C1BB}
		{9F451643-BFD4-4BFD-AEB5-064BDF13C1BB} = {EF02A492-B265-4AFB-BC3E-A6553FA94AA7}
		{E5B0C35F-BEF5-4208-BECA-D7955164C14A} = {EF02A492-B265-4AFB-BC3E-A6553FA94AA7}
		{8ED32CCF-F2FC-4706-A087-119354112D82} = {E5B0C35F-BEF5-4208-BECA-D7955164C14A}
		{BFC06A24-EE64-454A-84D8-7B325552E33D} = {5F5FE551-1CA9-4876-88E9-971A7FC53908}
		{18F2AD15-C3F2-4449-BA0A-8EFC339A2474} = {A39519D8-0D64-4684-97EB-122059423BC2}
		{03B4A41A-9F2A-4472-B841-7B0300A8D181} = {EF02A492-B265-4AFB-BC3E-A6553FA94AA7}
		{238DF952-FFF0-4098-BCB6-E1DFACE55EEB} = {03B4A41A-9F2A-4472-B841-7B0300A8D181}
	EndGlobalSection
	GlobalSection(ExtensibilityGlobals) = postSolution
		SolutionGuid = {9761DB80-C303-43F8-8088-C81CCEC68B1A}
	EndGlobalSection
EndGlobal
